// !$*UTF8*$!
{
	archiveVersion = 1;
	classes = {
	};
	objectVersion = 50;
	objects = {

/* Begin PBXBuildFile section */
		7DED2FEE248F2BA700154C32 /* AppDelegate.swift in Sources */ = {isa = PBXBuildFile; fileRef = 7DED2FED248F2BA700154C32 /* AppDelegate.swift */; };
		7DED2FF0248F2BA700154C32 /* SceneDelegate.swift in Sources */ = {isa = PBXBuildFile; fileRef = 7DED2FEF248F2BA700154C32 /* SceneDelegate.swift */; };
		7DED2FF2248F2BA700154C32 /* ViewController.swift in Sources */ = {isa = PBXBuildFile; fileRef = 7DED2FF1248F2BA700154C32 /* ViewController.swift */; };
		7DED2FF5248F2BA700154C32 /* Main.storyboard in Resources */ = {isa = PBXBuildFile; fileRef = 7DED2FF3248F2BA700154C32 /* Main.storyboard */; };
		7DED2FF7248F2BA900154C32 /* Assets.xcassets in Resources */ = {isa = PBXBuildFile; fileRef = 7DED2FF6248F2BA900154C32 /* Assets.xcassets */; };
		7DED2FFA248F2BA900154C32 /* LaunchScreen.storyboard in Resources */ = {isa = PBXBuildFile; fileRef = 7DED2FF8248F2BA900154C32 /* LaunchScreen.storyboard */; };
		7DED3005248F2BA900154C32 /* SpeechRecTests.swift in Sources */ = {isa = PBXBuildFile; fileRef = 7DED3004248F2BA900154C32 /* SpeechRecTests.swift */; };
		7DED3030249062DE00154C32 /* RoundButton.swift in Sources */ = {isa = PBXBuildFile; fileRef = 7DED302F249062DE00154C32 /* RoundButton.swift */; };
		7DED303224906D6E00154C32 /* SampleMemo.mp3 in Resources */ = {isa = PBXBuildFile; fileRef = 7DED303124906D6E00154C32 /* SampleMemo.mp3 */; };
/* End PBXBuildFile section */

/* Begin PBXContainerItemProxy section */
		7DED3001248F2BA900154C32 /* PBXContainerItemProxy */ = {
			isa = PBXContainerItemProxy;
			containerPortal = 7DED2FE2248F2BA700154C32 /* Project object */;
			proxyType = 1;
			remoteGlobalIDString = 7DED2FE9248F2BA700154C32;
			remoteInfo = SpeechRec;
		};
/* End PBXContainerItemProxy section */

/* Begin PBXFileReference section */
		7DED2FEA248F2BA700154C32 /* SpeechRec.app */ = {isa = PBXFileReference; explicitFileType = wrapper.application; includeInIndex = 0; path = SpeechRec.app; sourceTree = BUILT_PRODUCTS_DIR; };
		7DED2FED248F2BA700154C32 /* AppDelegate.swift */ = {isa = PBXFileReference; lastKnownFileType = sourcecode.swift; path = AppDelegate.swift; sourceTree = "<group>"; };
		7DED2FEF248F2BA700154C32 /* SceneDelegate.swift */ = {isa = PBXFileReference; lastKnownFileType = sourcecode.swift; path = SceneDelegate.swift; sourceTree = "<group>"; };
		7DED2FF1248F2BA700154C32 /* ViewController.swift */ = {isa = PBXFileReference; lastKnownFileType = sourcecode.swift; path = ViewController.swift; sourceTree = "<group>"; };
		7DED2FF4248F2BA700154C32 /* Base */ = {isa = PBXFileReference; lastKnownFileType = file.storyboard; name = Base; path = Base.lproj/Main.storyboard; sourceTree = "<group>"; };
		7DED2FF6248F2BA900154C32 /* Assets.xcassets */ = {isa = PBXFileReference; lastKnownFileType = folder.assetcatalog; path = Assets.xcassets; sourceTree = "<group>"; };
		7DED2FF9248F2BA900154C32 /* Base */ = {isa = PBXFileReference; lastKnownFileType = file.storyboard; name = Base; path = Base.lproj/LaunchScreen.storyboard; sourceTree = "<group>"; };
		7DED2FFB248F2BA900154C32 /* Info.plist */ = {isa = PBXFileReference; lastKnownFileType = text.plist.xml; path = Info.plist; sourceTree = "<group>"; };
		7DED3000248F2BA900154C32 /* SpeechRecTests.xctest */ = {isa = PBXFileReference; explicitFileType = wrapper.cfbundle; includeInIndex = 0; path = SpeechRecTests.xctest; sourceTree = BUILT_PRODUCTS_DIR; };
		7DED3004248F2BA900154C32 /* SpeechRecTests.swift */ = {isa = PBXFileReference; lastKnownFileType = sourcecode.swift; path = SpeechRecTests.swift; sourceTree = "<group>"; };
		7DED3006248F2BA900154C32 /* Info.plist */ = {isa = PBXFileReference; lastKnownFileType = text.plist.xml; path = Info.plist; sourceTree = "<group>"; };
		7DED302F249062DE00154C32 /* RoundButton.swift */ = {isa = PBXFileReference; lastKnownFileType = sourcecode.swift; path = RoundButton.swift; sourceTree = "<group>"; };
		7DED303124906D6E00154C32 /* SampleMemo.mp3 */ = {isa = PBXFileReference; lastKnownFileType = audio.mp3; path = SampleMemo.mp3; sourceTree = "<group>"; };
/* End PBXFileReference section */

/* Begin PBXFrameworksBuildPhase section */
		7DED2FE7248F2BA700154C32 /* Frameworks */ = {
			isa = PBXFrameworksBuildPhase;
			buildActionMask = 2147483647;
			files = (
			);
			runOnlyForDeploymentPostprocessing = 0;
		};
		7DED2FFD248F2BA900154C32 /* Frameworks */ = {
			isa = PBXFrameworksBuildPhase;
			buildActionMask = 2147483647;
			files = (
			);
			runOnlyForDeploymentPostprocessing = 0;
		};
/* End PBXFrameworksBuildPhase section */

/* Begin PBXGroup section */
		7DED2FE1248F2BA700154C32 = {
			isa = PBXGroup;
			children = (
				7DED303324906D8400154C32 /* Samples */,
				7DED2FEC248F2BA700154C32 /* SpeechRec */,
				7DED3003248F2BA900154C32 /* SpeechRecTests */,
				7DED2FEB248F2BA700154C32 /* Products */,
			);
			sourceTree = "<group>";
		};
		7DED2FEB248F2BA700154C32 /* Products */ = {
			isa = PBXGroup;
			children = (
				7DED2FEA248F2BA700154C32 /* SpeechRec.app */,
				7DED3000248F2BA900154C32 /* SpeechRecTests.xctest */,
			);
			name = Products;
			sourceTree = "<group>";
		};
		7DED2FEC248F2BA700154C32 /* SpeechRec */ = {
			isa = PBXGroup;
			children = (
				7DED2FED248F2BA700154C32 /* AppDelegate.swift */,
				7DED2FEF248F2BA700154C32 /* SceneDelegate.swift */,
				7DED2FF1248F2BA700154C32 /* ViewController.swift */,
				7DED2FF3248F2BA700154C32 /* Main.storyboard */,
				7DED2FF6248F2BA900154C32 /* Assets.xcassets */,
				7DED2FF8248F2BA900154C32 /* LaunchScreen.storyboard */,
				7DED2FFB248F2BA900154C32 /* Info.plist */,
				7DED302F249062DE00154C32 /* RoundButton.swift */,
			);
			path = SpeechRec;
			sourceTree = "<group>";
		};
		7DED3003248F2BA900154C32 /* SpeechRecTests */ = {
			isa = PBXGroup;
			children = (
				7DED3004248F2BA900154C32 /* SpeechRecTests.swift */,
				7DED3006248F2BA900154C32 /* Info.plist */,
			);
			path = SpeechRecTests;
			sourceTree = "<group>";
		};
		7DED303324906D8400154C32 /* Samples */ = {
			isa = PBXGroup;
			children = (
				7DED303124906D6E00154C32 /* SampleMemo.mp3 */,
			);
			path = Samples;
			sourceTree = "<group>";
		};
/* End PBXGroup section */

/* Begin PBXNativeTarget section */
		7DED2FE9248F2BA700154C32 /* SpeechRec */ = {
			isa = PBXNativeTarget;
			buildConfigurationList = 7DED3009248F2BA900154C32 /* Build configuration list for PBXNativeTarget "SpeechRec" */;
			buildPhases = (
				7DED2FE6248F2BA700154C32 /* Sources */,
				7DED2FE7248F2BA700154C32 /* Frameworks */,
				7DED2FE8248F2BA700154C32 /* Resources */,
			);
			buildRules = (
			);
			dependencies = (
			);
			name = SpeechRec;
			productName = SpeechRec;
			productReference = 7DED2FEA248F2BA700154C32 /* SpeechRec.app */;
			productType = "com.apple.product-type.application";
		};
		7DED2FFF248F2BA900154C32 /* SpeechRecTests */ = {
			isa = PBXNativeTarget;
			buildConfigurationList = 7DED300C248F2BA900154C32 /* Build configuration list for PBXNativeTarget "SpeechRecTests" */;
			buildPhases = (
				7DED2FFC248F2BA900154C32 /* Sources */,
				7DED2FFD248F2BA900154C32 /* Frameworks */,
				7DED2FFE248F2BA900154C32 /* Resources */,
			);
			buildRules = (
			);
			dependencies = (
				7DED3002248F2BA900154C32 /* PBXTargetDependency */,
			);
			name = SpeechRecTests;
			productName = SpeechRecTests;
			productReference = 7DED3000248F2BA900154C32 /* SpeechRecTests.xctest */;
			productType = "com.apple.product-type.bundle.unit-test";
		};
/* End PBXNativeTarget section */

/* Begin PBXProject section */
		7DED2FE2248F2BA700154C32 /* Project object */ = {
			isa = PBXProject;
			attributes = {
				LastSwiftUpdateCheck = 1150;
				LastUpgradeCheck = 1150;
				ORGANIZATIONNAME = "Zongying Mo";
				TargetAttributes = {
					7DED2FE9248F2BA700154C32 = {
						CreatedOnToolsVersion = 11.5;
					};
					7DED2FFF248F2BA900154C32 = {
						CreatedOnToolsVersion = 11.5;
						TestTargetID = 7DED2FE9248F2BA700154C32;
					};
				};
			};
			buildConfigurationList = 7DED2FE5248F2BA700154C32 /* Build configuration list for PBXProject "SpeechRec" */;
			compatibilityVersion = "Xcode 9.3";
			developmentRegion = en;
			hasScannedForEncodings = 0;
			knownRegions = (
				en,
				Base,
			);
			mainGroup = 7DED2FE1248F2BA700154C32;
			productRefGroup = 7DED2FEB248F2BA700154C32 /* Products */;
			projectDirPath = "";
			projectRoot = "";
			targets = (
				7DED2FE9248F2BA700154C32 /* SpeechRec */,
				7DED2FFF248F2BA900154C32 /* SpeechRecTests */,
			);
		};
/* End PBXProject section */

/* Begin PBXResourcesBuildPhase section */
		7DED2FE8248F2BA700154C32 /* Resources */ = {
			isa = PBXResourcesBuildPhase;
			buildActionMask = 2147483647;
			files = (
				7DED303224906D6E00154C32 /* SampleMemo.mp3 in Resources */,
				7DED2FFA248F2BA900154C32 /* LaunchScreen.storyboard in Resources */,
				7DED2FF7248F2BA900154C32 /* Assets.xcassets in Resources */,
				7DED2FF5248F2BA700154C32 /* Main.storyboard in Resources */,
			);
			runOnlyForDeploymentPostprocessing = 0;
		};
		7DED2FFE248F2BA900154C32 /* Resources */ = {
			isa = PBXResourcesBuildPhase;
			buildActionMask = 2147483647;
			files = (
			);
			runOnlyForDeploymentPostprocessing = 0;
		};
/* End PBXResourcesBuildPhase section */

/* Begin PBXSourcesBuildPhase section */
		7DED2FE6248F2BA700154C32 /* Sources */ = {
			isa = PBXSourcesBuildPhase;
			buildActionMask = 2147483647;
			files = (
				7DED3030249062DE00154C32 /* RoundButton.swift in Sources */,
				7DED2FF2248F2BA700154C32 /* ViewController.swift in Sources */,
				7DED2FEE248F2BA700154C32 /* AppDelegate.swift in Sources */,
				7DED2FF0248F2BA700154C32 /* SceneDelegate.swift in Sources */,
			);
			runOnlyForDeploymentPostprocessing = 0;
		};
		7DED2FFC248F2BA900154C32 /* Sources */ = {
			isa = PBXSourcesBuildPhase;
			buildActionMask = 2147483647;
			files = (
				7DED3005248F2BA900154C32 /* SpeechRecTests.swift in Sources */,
			);
			runOnlyForDeploymentPostprocessing = 0;
		};
/* End PBXSourcesBuildPhase section */

/* Begin PBXTargetDependency section */
		7DED3002248F2BA900154C32 /* PBXTargetDependency */ = {
			isa = PBXTargetDependency;
			target = 7DED2FE9248F2BA700154C32 /* SpeechRec */;
			targetProxy = 7DED3001248F2BA900154C32 /* PBXContainerItemProxy */;
		};
/* End PBXTargetDependency section */

/* Begin PBXVariantGroup section */
		7DED2FF3248F2BA700154C32 /* Main.storyboard */ = {
			isa = PBXVariantGroup;
			children = (
				7DED2FF4248F2BA700154C32 /* Base */,
			);
			name = Main.storyboard;
			sourceTree = "<group>";
		};
		7DED2FF8248F2BA900154C32 /* LaunchScreen.storyboard */ = {
			isa = PBXVariantGroup;
			children = (
				7DED2FF9248F2BA900154C32 /* Base */,
			);
			name = LaunchScreen.storyboard;
			sourceTree = "<group>";
		};
/* End PBXVariantGroup section */

/* Begin XCBuildConfiguration section */
		7DED3007248F2BA900154C32 /* Debug */ = {
			isa = XCBuildConfiguration;
			buildSettings = {
				ALWAYS_SEARCH_USER_PATHS = NO;
				CLANG_ANALYZER_NONNULL = YES;
				CLANG_ANALYZER_NUMBER_OBJECT_CONVERSION = YES_AGGRESSIVE;
				CLANG_CXX_LANGUAGE_STANDARD = "gnu++14";
				CLANG_CXX_LIBRARY = "libc++";
				CLANG_ENABLE_MODULES = YES;
				CLANG_ENABLE_OBJC_ARC = YES;
				CLANG_ENABLE_OBJC_WEAK = YES;
				CLANG_WARN_BLOCK_CAPTURE_AUTORELEASING = YES;
				CLANG_WARN_BOOL_CONVERSION = YES;
				CLANG_WARN_COMMA = YES;
				CLANG_WARN_CONSTANT_CONVERSION = YES;
				CLANG_WARN_DEPRECATED_OBJC_IMPLEMENTATIONS = YES;
				CLANG_WARN_DIRECT_OBJC_ISA_USAGE = YES_ERROR;
				CLANG_WARN_DOCUMENTATION_COMMENTS = YES;
				CLANG_WARN_EMPTY_BODY = YES;
				CLANG_WARN_ENUM_CONVERSION = YES;
				CLANG_WARN_INFINITE_RECURSION = YES;
				CLANG_WARN_INT_CONVERSION = YES;
				CLANG_WARN_NON_LITERAL_NULL_CONVERSION = YES;
				CLANG_WARN_OBJC_IMPLICIT_RETAIN_SELF = YES;
				CLANG_WARN_OBJC_LITERAL_CONVERSION = YES;
				CLANG_WARN_OBJC_ROOT_CLASS = YES_ERROR;
				CLANG_WARN_RANGE_LOOP_ANALYSIS = YES;
				CLANG_WARN_STRICT_PROTOTYPES = YES;
				CLANG_WARN_SUSPICIOUS_MOVE = YES;
				CLANG_WARN_UNGUARDED_AVAILABILITY = YES_AGGRESSIVE;
				CLANG_WARN_UNREACHABLE_CODE = YES;
				CLANG_WARN__DUPLICATE_METHOD_MATCH = YES;
				COPY_PHASE_STRIP = NO;
				DEBUG_INFORMATION_FORMAT = dwarf;
				ENABLE_STRICT_OBJC_MSGSEND = YES;
				ENABLE_TESTABILITY = YES;
				GCC_C_LANGUAGE_STANDARD = gnu11;
				GCC_DYNAMIC_NO_PIC = NO;
				GCC_NO_COMMON_BLOCKS = YES;
				GCC_OPTIMIZATION_LEVEL = 0;
				GCC_PREPROCESSOR_DEFINITIONS = (
					"DEBUG=1",
					"$(inherited)",
				);
				GCC_WARN_64_TO_32_BIT_CONVERSION = YES;
				GCC_WARN_ABOUT_RETURN_TYPE = YES_ERROR;
				GCC_WARN_UNDECLARED_SELECTOR = YES;
				GCC_WARN_UNINITIALIZED_AUTOS = YES_AGGRESSIVE;
				GCC_WARN_UNUSED_FUNCTION = YES;
				GCC_WARN_UNUSED_VARIABLE = YES;
				IPHONEOS_DEPLOYMENT_TARGET = 13.5;
				MTL_ENABLE_DEBUG_INFO = INCLUDE_SOURCE;
				MTL_FAST_MATH = YES;
				ONLY_ACTIVE_ARCH = YES;
				SDKROOT = iphoneos;
				SWIFT_ACTIVE_COMPILATION_CONDITIONS = DEBUG;
				SWIFT_OPTIMIZATION_LEVEL = "-Onone";
			};
			name = Debug;
		};
		7DED3008248F2BA900154C32 /* Release */ = {
			isa = XCBuildConfiguration;
			buildSettings = {
				ALWAYS_SEARCH_USER_PATHS = NO;
				CLANG_ANALYZER_NONNULL = YES;
				CLANG_ANALYZER_NUMBER_OBJECT_CONVERSION = YES_AGGRESSIVE;
				CLANG_CXX_LANGUAGE_STANDARD = "gnu++14";
				CLANG_CXX_LIBRARY = "libc++";
				CLANG_ENABLE_MODULES = YES;
				CLANG_ENABLE_OBJC_ARC = YES;
				CLANG_ENABLE_OBJC_WEAK = YES;
				CLANG_WARN_BLOCK_CAPTURE_AUTORELEASING = YES;
				CLANG_WARN_BOOL_CONVERSION = YES;
				CLANG_WARN_COMMA = YES;
				CLANG_WARN_CONSTANT_CONVERSION = YES;
				CLANG_WARN_DEPRECATED_OBJC_IMPLEMENTATIONS = YES;
				CLANG_WARN_DIRECT_OBJC_ISA_USAGE = YES_ERROR;
				CLANG_WARN_DOCUMENTATION_COMMENTS = YES;
				CLANG_WARN_EMPTY_BODY = YES;
				CLANG_WARN_ENUM_CONVERSION = YES;
				CLANG_WARN_INFINITE_RECURSION = YES;
				CLANG_WARN_INT_CONVERSION = YES;
				CLANG_WARN_NON_LITERAL_NULL_CONVERSION = YES;
				CLANG_WARN_OBJC_IMPLICIT_RETAIN_SELF = YES;
				CLANG_WARN_OBJC_LITERAL_CONVERSION = YES;
				CLANG_WARN_OBJC_ROOT_CLASS = YES_ERROR;
				CLANG_WARN_RANGE_LOOP_ANALYSIS = YES;
				CLANG_WARN_STRICT_PROTOTYPES = YES;
				CLANG_WARN_SUSPICIOUS_MOVE = YES;
				CLANG_WARN_UNGUARDED_AVAILABILITY = YES_AGGRESSIVE;
				CLANG_WARN_UNREACHABLE_CODE = YES;
				CLANG_WARN__DUPLICATE_METHOD_MATCH = YES;
				COPY_PHASE_STRIP = NO;
				DEBUG_INFORMATION_FORMAT = "dwarf-with-dsym";
				ENABLE_NS_ASSERTIONS = NO;
				ENABLE_STRICT_OBJC_MSGSEND = YES;
				GCC_C_LANGUAGE_STANDARD = gnu11;
				GCC_NO_COMMON_BLOCKS = YES;
				GCC_WARN_64_TO_32_BIT_CONVERSION = YES;
				GCC_WARN_ABOUT_RETURN_TYPE = YES_ERROR;
				GCC_WARN_UNDECLARED_SELECTOR = YES;
				GCC_WARN_UNINITIALIZED_AUTOS = YES_AGGRESSIVE;
				GCC_WARN_UNUSED_FUNCTION = YES;
				GCC_WARN_UNUSED_VARIABLE = YES;
				IPHONEOS_DEPLOYMENT_TARGET = 13.5;
				MTL_ENABLE_DEBUG_INFO = NO;
				MTL_FAST_MATH = YES;
				SDKROOT = iphoneos;
				SWIFT_COMPILATION_MODE = wholemodule;
				SWIFT_OPTIMIZATION_LEVEL = "-O";
				VALIDATE_PRODUCT = YES;
			};
			name = Release;
		};
		7DED300A248F2BA900154C32 /* Debug */ = {
			isa = XCBuildConfiguration;
			buildSettings = {
				ASSETCATALOG_COMPILER_APPICON_NAME = AppIcon;
				CODE_SIGN_STYLE = Automatic;
				INFOPLIST_FILE = SpeechRec/Info.plist;
				LD_RUNPATH_SEARCH_PATHS = (
					"$(inherited)",
					"@executable_path/Frameworks",
				);
				PRODUCT_BUNDLE_IDENTIFIER = com.example.SpeechRec;
				PRODUCT_NAME = "$(TARGET_NAME)";
				SWIFT_VERSION = 5.0;
				TARGETED_DEVICE_FAMILY = "1,2";
			};
			name = Debug;
		};
		7DED300B248F2BA900154C32 /* Release */ = {
			isa = XCBuildConfiguration;
			buildSettings = {
				ASSETCATALOG_COMPILER_APPICON_NAME = AppIcon;
				CODE_SIGN_STYLE = Automatic;
				INFOPLIST_FILE = SpeechRec/Info.plist;
				LD_RUNPATH_SEARCH_PATHS = (
					"$(inherited)",
					"@executable_path/Frameworks",
				);
				PRODUCT_BUNDLE_IDENTIFIER = com.example.SpeechRec;
				PRODUCT_NAME = "$(TARGET_NAME)";
				SWIFT_VERSION = 5.0;
				TARGETED_DEVICE_FAMILY = "1,2";
			};
			name = Release;
		};
		7DED300D248F2BA900154C32 /* Debug */ = {
			isa = XCBuildConfiguration;
			buildSettings = {
				ALWAYS_EMBED_SWIFT_STANDARD_LIBRARIES = YES;
				BUNDLE_LOADER = "$(TEST_HOST)";
				CODE_SIGN_STYLE = Automatic;
				INFOPLIST_FILE = SpeechRecTests/Info.plist;
				IPHONEOS_DEPLOYMENT_TARGET = 13.5;
				LD_RUNPATH_SEARCH_PATHS = (
					"$(inherited)",
					"@executable_path/Frameworks",
					"@loader_path/Frameworks",
				);
				PRODUCT_BUNDLE_IDENTIFIER = com.example.SpeechRecTests;
				PRODUCT_NAME = "$(TARGET_NAME)";
				SWIFT_VERSION = 5.0;
				TARGETED_DEVICE_FAMILY = "1,2";
				TEST_HOST = "$(BUILT_PRODUCTS_DIR)/SpeechRec.app/SpeechRec";
			};
			name = Debug;
		};
		7DED300E248F2BA900154C32 /* Release */ = {
			isa = XCBuildConfiguration;
			buildSettings = {
				ALWAYS_EMBED_SWIFT_STANDARD_LIBRARIES = YES;
				BUNDLE_LOADER = "$(TEST_HOST)";
				CODE_SIGN_STYLE = Automatic;
				INFOPLIST_FILE = SpeechRecTests/Info.plist;
				IPHONEOS_DEPLOYMENT_TARGET = 13.5;
				LD_RUNPATH_SEARCH_PATHS = (
					"$(inherited)",
					"@executable_path/Frameworks",
					"@loader_path/Frameworks",
				);
				PRODUCT_BUNDLE_IDENTIFIER = com.example.SpeechRecTests;
				PRODUCT_NAME = "$(TARGET_NAME)";
				SWIFT_VERSION = 5.0;
				TARGETED_DEVICE_FAMILY = "1,2";
				TEST_HOST = "$(BUILT_PRODUCTS_DIR)/SpeechRec.app/SpeechRec";
			};
			name = Release;
		};
/* End XCBuildConfiguration section */

/* Begin XCConfigurationList section */
		7DED2FE5248F2BA700154C32 /* Build configuration list for PBXProject "SpeechRec" */ = {
			isa = XCConfigurationList;
			buildConfigurations = (
				7DED3007248F2BA900154C32 /* Debug */,
				7DED3008248F2BA900154C32 /* Release */,
			);
			defaultConfigurationIsVisible = 0;
			defaultConfigurationName = Release;
		};
		7DED3009248F2BA900154C32 /* Build configuration list for PBXNativeTarget "SpeechRec" */ = {
			isa = XCConfigurationList;
			buildConfigurations = (
				7DED300A248F2BA900154C32 /* Debug */,
				7DED300B248F2BA900154C32 /* Release */,
			);
			defaultConfigurationIsVisible = 0;
			defaultConfigurationName = Release;
		};
		7DED300C248F2BA900154C32 /* Build configuration list for PBXNativeTarget "SpeechRecTests" */ = {
			isa = XCConfigurationList;
			buildConfigurations = (
				7DED300D248F2BA900154C32 /* Debug */,
				7DED300E248F2BA900154C32 /* Release */,
			);
			defaultConfigurationIsVisible = 0;
			defaultConfigurationName = Release;
		};
/* End XCConfigurationList section */
	};
	rootObject = 7DED2FE2248F2BA700154C32 /* Project object */;
}
